
Microsoft Visual Studio Solution File, Format Version 12.00
# Visual Studio 15
VisualStudioVersion = 15.0.28010.2050
MinimumVisualStudioVersion = 10.0.40219.1
Project("{FAE04EC0-301F-11D3-BF4B-00C04F79EFBC}") = "ElGamalP1_FINAL", "ElGamalP1_FINAL\ElGamalP1_FINAL.csproj", "{00F8D60A-FCD1-4DD6-B618-69710625FDBD}"
EndProject
Global
	GlobalSection(SolutionConfigurationPlatforms) = preSolution
		Debug|Any CPU = Debug|Any CPU
		Release|Any CPU = Release|Any CPU
	EndGlobalSection
	GlobalSection(ProjectConfigurationPlatforms) = postSolution
		{00F8D60A-FCD1-4DD6-B618-69710625FDBD}.Debug|Any CPU.ActiveCfg = Debug|Any CPU
		{00F8D60A-FCD1-4DD6-B618-69710625FDBD}.Debug|Any CPU.Build.0 = Debug|Any CPU
		{00F8D60A-FCD1-4DD6-B618-69710625FDBD}.Release|Any CPU.ActiveCfg = Release|Any CPU
		{00F8D60A-FCD1-4DD6-B618-69710625FDBD}.Release|Any CPU.Build.0 = Release|Any CPU
	EndGlobalSection
	GlobalSection(SolutionProperties) = preSolution
		HideSolutionNode = FALSE
	EndGlobalSection
	GlobalSection(ExtensibilityGlobals) = postSolution
		SolutionGuid = {4B7BD678-343A-427F-B182-D8F49FADCC98}
	EndGlobalSection
EndGlobal
